// !$*UTF8*$!
{
	archiveVersion = 1;
	classes = {
	};
	objectVersion = 46;
	objects = {

/* Begin PBXBuildFile section */
		8AC7AD4816E55CD70069BDE7 /* Foundation.framework in Frameworks */ = {isa = PBXBuildFile; fileRef = A186B4E5157F80E700BD0084 /* Foundation.framework */; };
		8AC7AD5416E55D260069BDE7 /* AutoRecoveringHttpDataSource.m in Sources */ = {isa = PBXBuildFile; fileRef = A16CB9AA162EC4AB00CFD1E8 /* AutoRecoveringHttpDataSource.m */; };
		8AC7AD5616E55D260069BDE7 /* DataSourceWrapper.m in Sources */ = {isa = PBXBuildFile; fileRef = A16CB9AC162EC4AB00CFD1E8 /* DataSourceWrapper.m */; };
		8AC7AD5816E55D260069BDE7 /* AudioPlayer.m in Sources */ = {isa = PBXBuildFile; fileRef = A186B501157F813100BD0084 /* AudioPlayer.m */; };
		8AC7AD5A16E55D260069BDE7 /* CoreFoundationDataSource.m in Sources */ = {isa = PBXBuildFile; fileRef = A186B503157F813100BD0084 /* CoreFoundationDataSource.m */; };
		8AC7AD5C16E55D260069BDE7 /* DataSource.m in Sources */ = {isa = PBXBuildFile; fileRef = A186B505157F813100BD0084 /* DataSource.m */; };
		8AC7AD5E16E55D260069BDE7 /* HttpDataSource.m in Sources */ = {isa = PBXBuildFile; fileRef = A186B507157F813100BD0084 /* HttpDataSource.m */; };
		8AC7AD6016E55D260069BDE7 /* LocalFileDataSource.m in Sources */ = {isa = PBXBuildFile; fileRef = A186B509157F813100BD0084 /* LocalFileDataSource.m */; };
		A16CB9AD162EC4AB00CFD1E8 /* AutoRecoveringHttpDataSource.m in Sources */ = {isa = PBXBuildFile; fileRef = A16CB9AA162EC4AB00CFD1E8 /* AutoRecoveringHttpDataSource.m */; };
		A16CB9AE162EC4AB00CFD1E8 /* DataSourceWrapper.m in Sources */ = {isa = PBXBuildFile; fileRef = A16CB9AC162EC4AB00CFD1E8 /* DataSourceWrapper.m */; };
		A16CB9B1162EC5E300CFD1E8 /* SystemConfiguration.framework in Frameworks */ = {isa = PBXBuildFile; fileRef = A16CB9B0162EC5E300CFD1E8 /* SystemConfiguration.framework */; };
		A16CB9B3162EC5E900CFD1E8 /* Default-568h@2x.png in Resources */ = {isa = PBXBuildFile; fileRef = A16CB9B2162EC5E900CFD1E8 /* Default-568h@2x.png */; };
		A186B4E4157F80E700BD0084 /* UIKit.framework in Frameworks */ = {isa = PBXBuildFile; fileRef = A186B4E3157F80E700BD0084 /* UIKit.framework */; };
		A186B4E6157F80E700BD0084 /* Foundation.framework in Frameworks */ = {isa = PBXBuildFile; fileRef = A186B4E5157F80E700BD0084 /* Foundation.framework */; };
		A186B4EE157F80E700BD0084 /* InfoPlist.strings in Resources */ = {isa = PBXBuildFile; fileRef = A186B4EC157F80E700BD0084 /* InfoPlist.strings */; };
		A186B4F0157F80E700BD0084 /* main.m in Sources */ = {isa = PBXBuildFile; fileRef = A186B4EF157F80E700BD0084 /* main.m */; };
		A186B4F4157F80E700BD0084 /* AppDelegate.m in Sources */ = {isa = PBXBuildFile; fileRef = A186B4F3157F80E700BD0084 /* AppDelegate.m */; };
		A186B50C157F813100BD0084 /* AudioPlayer.m in Sources */ = {isa = PBXBuildFile; fileRef = A186B501157F813100BD0084 /* AudioPlayer.m */; };
		A186B50D157F813100BD0084 /* CoreFoundationDataSource.m in Sources */ = {isa = PBXBuildFile; fileRef = A186B503157F813100BD0084 /* CoreFoundationDataSource.m */; };
		A186B50E157F813100BD0084 /* DataSource.m in Sources */ = {isa = PBXBuildFile; fileRef = A186B505157F813100BD0084 /* DataSource.m */; };
		A186B50F157F813100BD0084 /* HttpDataSource.m in Sources */ = {isa = PBXBuildFile; fileRef = A186B507157F813100BD0084 /* HttpDataSource.m */; };
		A186B510157F813100BD0084 /* LocalFileDataSource.m in Sources */ = {isa = PBXBuildFile; fileRef = A186B509157F813100BD0084 /* LocalFileDataSource.m */; };
		A186B511157F813100BD0084 /* AudioPlayerView.m in Sources */ = {isa = PBXBuildFile; fileRef = A186B50B157F813100BD0084 /* AudioPlayerView.m */; };
		A186B514157F817500BD0084 /* AudioToolbox.framework in Frameworks */ = {isa = PBXBuildFile; fileRef = A186B513157F817500BD0084 /* AudioToolbox.framework */; };
		A186B518157F818900BD0084 /* CoreFoundation.framework in Frameworks */ = {isa = PBXBuildFile; fileRef = A186B517157F818900BD0084 /* CoreFoundation.framework */; };
		A186B51A157F819500BD0084 /* CFNetwork.framework in Frameworks */ = {isa = PBXBuildFile; fileRef = A186B519157F819500BD0084 /* CFNetwork.framework */; };
		A186B51D157F825400BD0084 /* sample.m4a in Resources */ = {isa = PBXBuildFile; fileRef = A186B51C157F820F00BD0084 /* sample.m4a */; };
/* End PBXBuildFile section */

/* Begin PBXCopyFilesBuildPhase section */
		8AC7AD4516E55CD70069BDE7 /* CopyFiles */ = {
			isa = PBXCopyFilesBuildPhase;
			buildActionMask = 2147483647;
			dstPath = "include/${PRODUCT_NAME}";
			dstSubfolderSpec = 16;
			files = (
			);
			runOnlyForDeploymentPostprocessing = 0;
		};
/* End PBXCopyFilesBuildPhase section */

/* Begin PBXFileReference section */
		8AC7AD4716E55CD70069BDE7 /* libaudjustable.a */ = {isa = PBXFileReference; explicitFileType = archive.ar; includeInIndex = 0; path = libaudjustable.a; sourceTree = BUILT_PRODUCTS_DIR; };
		A16CB9A9162EC4AB00CFD1E8 /* AutoRecoveringHttpDataSource.h */ = {isa = PBXFileReference; fileEncoding = 4; lastKnownFileType = sourcecode.c.h; path = AutoRecoveringHttpDataSource.h; sourceTree = "<group>"; };
		A16CB9AA162EC4AB00CFD1E8 /* AutoRecoveringHttpDataSource.m */ = {isa = PBXFileReference; fileEncoding = 4; lastKnownFileType = sourcecode.c.objc; path = AutoRecoveringHttpDataSource.m; sourceTree = "<group>"; };
		A16CB9AB162EC4AB00CFD1E8 /* DataSourceWrapper.h */ = {isa = PBXFileReference; fileEncoding = 4; lastKnownFileType = sourcecode.c.h; path = DataSourceWrapper.h; sourceTree = "<group>"; };
		A16CB9AC162EC4AB00CFD1E8 /* DataSourceWrapper.m */ = {isa = PBXFileReference; fileEncoding = 4; lastKnownFileType = sourcecode.c.objc; path = DataSourceWrapper.m; sourceTree = "<group>"; };
		A16CB9B0162EC5E300CFD1E8 /* SystemConfiguration.framework */ = {isa = PBXFileReference; lastKnownFileType = wrapper.framework; name = SystemConfiguration.framework; path = System/Library/Frameworks/SystemConfiguration.framework; sourceTree = SDKROOT; };
		A16CB9B2162EC5E900CFD1E8 /* Default-568h@2x.png */ = {isa = PBXFileReference; lastKnownFileType = image.png; name = "Default-568h@2x.png"; path = "../Default-568h@2x.png"; sourceTree = "<group>"; };
		A186B4DF157F80E600BD0084 /* Audjustable.app */ = {isa = PBXFileReference; explicitFileType = wrapper.application; includeInIndex = 0; path = Audjustable.app; sourceTree = BUILT_PRODUCTS_DIR; };
		A186B4E3157F80E700BD0084 /* UIKit.framework */ = {isa = PBXFileReference; lastKnownFileType = wrapper.framework; name = UIKit.framework; path = System/Library/Frameworks/UIKit.framework; sourceTree = SDKROOT; };
		A186B4E5157F80E700BD0084 /* Foundation.framework */ = {isa = PBXFileReference; lastKnownFileType = wrapper.framework; name = Foundation.framework; path = System/Library/Frameworks/Foundation.framework; sourceTree = SDKROOT; };
		A186B4E7157F80E700BD0084 /* CoreGraphics.framework */ = {isa = PBXFileReference; lastKnownFileType = wrapper.framework; name = CoreGraphics.framework; path = System/Library/Frameworks/CoreGraphics.framework; sourceTree = SDKROOT; };
		A186B4EB157F80E700BD0084 /* Audjustable-Info.plist */ = {isa = PBXFileReference; lastKnownFileType = text.plist.xml; path = "Audjustable-Info.plist"; sourceTree = "<group>"; };
		A186B4ED157F80E700BD0084 /* en */ = {isa = PBXFileReference; lastKnownFileType = text.plist.strings; name = en; path = en.lproj/InfoPlist.strings; sourceTree = "<group>"; };
		A186B4EF157F80E700BD0084 /* main.m */ = {isa = PBXFileReference; lastKnownFileType = sourcecode.c.objc; path = main.m; sourceTree = "<group>"; };
		A186B4F1157F80E700BD0084 /* Audjustable-Prefix.pch */ = {isa = PBXFileReference; lastKnownFileType = sourcecode.c.h; path = "Audjustable-Prefix.pch"; sourceTree = "<group>"; };
		A186B4F2157F80E700BD0084 /* AppDelegate.h */ = {isa = PBXFileReference; lastKnownFileType = sourcecode.c.h; path = AppDelegate.h; sourceTree = "<group>"; };
		A186B4F3157F80E700BD0084 /* AppDelegate.m */ = {isa = PBXFileReference; lastKnownFileType = sourcecode.c.objc; path = AppDelegate.m; sourceTree = "<group>"; };
		A186B500157F813100BD0084 /* AudioPlayer.h */ = {isa = PBXFileReference; fileEncoding = 4; lastKnownFileType = sourcecode.c.h; path = AudioPlayer.h; sourceTree = "<group>"; };
		A186B501157F813100BD0084 /* AudioPlayer.m */ = {isa = PBXFileReference; fileEncoding = 4; lastKnownFileType = sourcecode.c.objc; path = AudioPlayer.m; sourceTree = "<group>"; wrapsLines = 1; };
		A186B502157F813100BD0084 /* CoreFoundationDataSource.h */ = {isa = PBXFileReference; fileEncoding = 4; lastKnownFileType = sourcecode.c.h; path = CoreFoundationDataSource.h; sourceTree = "<group>"; };
		A186B503157F813100BD0084 /* CoreFoundationDataSource.m */ = {isa = PBXFileReference; fileEncoding = 4; lastKnownFileType = sourcecode.c.objc; path = CoreFoundationDataSource.m; sourceTree = "<group>"; };
		A186B504157F813100BD0084 /* DataSource.h */ = {isa = PBXFileReference; fileEncoding = 4; lastKnownFileType = sourcecode.c.h; path = DataSource.h; sourceTree = "<group>"; };
		A186B505157F813100BD0084 /* DataSource.m */ = {isa = PBXFileReference; fileEncoding = 4; lastKnownFileType = sourcecode.c.objc; path = DataSource.m; sourceTree = "<group>"; };
		A186B506157F813100BD0084 /* HttpDataSource.h */ = {isa = PBXFileReference; fileEncoding = 4; lastKnownFileType = sourcecode.c.h; path = HttpDataSource.h; sourceTree = "<group>"; };
		A186B507157F813100BD0084 /* HttpDataSource.m */ = {isa = PBXFileReference; fileEncoding = 4; lastKnownFileType = sourcecode.c.objc; path = HttpDataSource.m; sourceTree = "<group>"; };
		A186B508157F813100BD0084 /* LocalFileDataSource.h */ = {isa = PBXFileReference; fileEncoding = 4; lastKnownFileType = sourcecode.c.h; path = LocalFileDataSource.h; sourceTree = "<group>"; };
		A186B509157F813100BD0084 /* LocalFileDataSource.m */ = {isa = PBXFileReference; fileEncoding = 4; lastKnownFileType = sourcecode.c.objc; path = LocalFileDataSource.m; sourceTree = "<group>"; };
		A186B50A157F813100BD0084 /* AudioPlayerView.h */ = {isa = PBXFileReference; fileEncoding = 4; lastKnownFileType = sourcecode.c.h; path = AudioPlayerView.h; sourceTree = "<group>"; };
		A186B50B157F813100BD0084 /* AudioPlayerView.m */ = {isa = PBXFileReference; fileEncoding = 4; lastKnownFileType = sourcecode.c.objc; path = AudioPlayerView.m; sourceTree = "<group>"; };
		A186B513157F817500BD0084 /* AudioToolbox.framework */ = {isa = PBXFileReference; lastKnownFileType = wrapper.framework; name = AudioToolbox.framework; path = System/Library/Frameworks/AudioToolbox.framework; sourceTree = SDKROOT; };
		A186B517157F818900BD0084 /* CoreFoundation.framework */ = {isa = PBXFileReference; lastKnownFileType = wrapper.framework; name = CoreFoundation.framework; path = System/Library/Frameworks/CoreFoundation.framework; sourceTree = SDKROOT; };
		A186B519157F819500BD0084 /* CFNetwork.framework */ = {isa = PBXFileReference; lastKnownFileType = wrapper.framework; name = CFNetwork.framework; path = System/Library/Frameworks/CFNetwork.framework; sourceTree = SDKROOT; };
		A186B51C157F820F00BD0084 /* sample.m4a */ = {isa = PBXFileReference; lastKnownFileType = file; path = sample.m4a; sourceTree = "<group>"; };
/* End PBXFileReference section */

/* Begin PBXFrameworksBuildPhase section */
		8AC7AD4416E55CD70069BDE7 /* Frameworks */ = {
			isa = PBXFrameworksBuildPhase;
			buildActionMask = 2147483647;
			files = (
				8AC7AD4816E55CD70069BDE7 /* Foundation.framework in Frameworks */,
			);
			runOnlyForDeploymentPostprocessing = 0;
		};
		A186B4DC157F80E600BD0084 /* Frameworks */ = {
			isa = PBXFrameworksBuildPhase;
			buildActionMask = 2147483647;
			files = (
				A16CB9B1162EC5E300CFD1E8 /* SystemConfiguration.framework in Frameworks */,
				A186B51A157F819500BD0084 /* CFNetwork.framework in Frameworks */,
				A186B518157F818900BD0084 /* CoreFoundation.framework in Frameworks */,
				A186B514157F817500BD0084 /* AudioToolbox.framework in Frameworks */,
				A186B4E4157F80E700BD0084 /* UIKit.framework in Frameworks */,
				A186B4E6157F80E700BD0084 /* Foundation.framework in Frameworks */,
			);
			runOnlyForDeploymentPostprocessing = 0;
		};
/* End PBXFrameworksBuildPhase section */

/* Begin PBXGroup section */
		A186B4D4157F80E600BD0084 = {
			isa = PBXGroup;
			children = (
				A186B4E9157F80E700BD0084 /* Audjustable */,
				A186B4E2157F80E700BD0084 /* Frameworks */,
				A186B4E0157F80E600BD0084 /* Products */,
			);
			sourceTree = "<group>";
		};
		A186B4E0157F80E600BD0084 /* Products */ = {
			isa = PBXGroup;
			children = (
				A186B4DF157F80E600BD0084 /* Audjustable.app */,
				8AC7AD4716E55CD70069BDE7 /* libaudjustable.a */,
			);
			name = Products;
			sourceTree = "<group>";
		};
		A186B4E2157F80E700BD0084 /* Frameworks */ = {
			isa = PBXGroup;
			children = (
				A16CB9B0162EC5E300CFD1E8 /* SystemConfiguration.framework */,
				A186B519157F819500BD0084 /* CFNetwork.framework */,
				A186B517157F818900BD0084 /* CoreFoundation.framework */,
				A186B513157F817500BD0084 /* AudioToolbox.framework */,
				A186B4E3157F80E700BD0084 /* UIKit.framework */,
				A186B4E5157F80E700BD0084 /* Foundation.framework */,
				A186B4E7157F80E700BD0084 /* CoreGraphics.framework */,
			);
			name = Frameworks;
			sourceTree = "<group>";
		};
		A186B4E9157F80E700BD0084 /* Audjustable */ = {
			isa = PBXGroup;
			children = (
				A186B4FE157F813100BD0084 /* Classes */,
				A186B4F2157F80E700BD0084 /* AppDelegate.h */,
				A186B4F3157F80E700BD0084 /* AppDelegate.m */,
				A186B4EA157F80E700BD0084 /* Supporting Files */,
			);
			path = Audjustable;
			sourceTree = "<group>";
		};
		A186B4EA157F80E700BD0084 /* Supporting Files */ = {
			isa = PBXGroup;
			children = (
				A186B51B157F81D900BD0084 /* Resources */,
				A186B4EB157F80E700BD0084 /* Audjustable-Info.plist */,
				A186B4EC157F80E700BD0084 /* InfoPlist.strings */,
				A16CB9B2162EC5E900CFD1E8 /* Default-568h@2x.png */,
				A186B4EF157F80E700BD0084 /* main.m */,
				A186B4F1157F80E700BD0084 /* Audjustable-Prefix.pch */,
			);
			name = "Supporting Files";
			sourceTree = "<group>";
		};
		A186B4FE157F813100BD0084 /* Classes */ = {
			isa = PBXGroup;
			children = (
				A186B4FF157F813100BD0084 /* AudioPlayer */,
				A186B50A157F813100BD0084 /* AudioPlayerView.h */,
				A186B50B157F813100BD0084 /* AudioPlayerView.m */,
			);
			path = Classes;
			sourceTree = "<group>";
		};
		A186B4FF157F813100BD0084 /* AudioPlayer */ = {
			isa = PBXGroup;
			children = (
				A16CB9A9162EC4AB00CFD1E8 /* AutoRecoveringHttpDataSource.h */,
				A16CB9AA162EC4AB00CFD1E8 /* AutoRecoveringHttpDataSource.m */,
				A16CB9AB162EC4AB00CFD1E8 /* DataSourceWrapper.h */,
				A16CB9AC162EC4AB00CFD1E8 /* DataSourceWrapper.m */,
				A186B500157F813100BD0084 /* AudioPlayer.h */,
				A186B501157F813100BD0084 /* AudioPlayer.m */,
				A186B502157F813100BD0084 /* CoreFoundationDataSource.h */,
				A186B503157F813100BD0084 /* CoreFoundationDataSource.m */,
				A186B504157F813100BD0084 /* DataSource.h */,
				A186B505157F813100BD0084 /* DataSource.m */,
				A186B506157F813100BD0084 /* HttpDataSource.h */,
				A186B507157F813100BD0084 /* HttpDataSource.m */,
				A186B508157F813100BD0084 /* LocalFileDataSource.h */,
				A186B509157F813100BD0084 /* LocalFileDataSource.m */,
			);
			path = AudioPlayer;
			sourceTree = "<group>";
		};
		A186B51B157F81D900BD0084 /* Resources */ = {
			isa = PBXGroup;
			children = (
				A186B51C157F820F00BD0084 /* sample.m4a */,
			);
			name = Resources;
			sourceTree = "<group>";
		};
/* End PBXGroup section */

/* Begin PBXNativeTarget section */
		8AC7AD4616E55CD70069BDE7 /* audjustable */ = {
			isa = PBXNativeTarget;
			buildConfigurationList = 8AC7AD5016E55CD70069BDE7 /* Build configuration list for PBXNativeTarget "audjustable" */;
			buildPhases = (
				8AC7AD4316E55CD70069BDE7 /* Sources */,
				8AC7AD4416E55CD70069BDE7 /* Frameworks */,
				8AC7AD4516E55CD70069BDE7 /* CopyFiles */,
			);
			buildRules = (
			);
			dependencies = (
			);
			name = audjustable;
			productName = audjustable;
			productReference = 8AC7AD4716E55CD70069BDE7 /* libaudjustable.a */;
			productType = "com.apple.product-type.library.static";
		};
		A186B4DE157F80E600BD0084 /* Audjustable */ = {
			isa = PBXNativeTarget;
			buildConfigurationList = A186B4F7157F80E700BD0084 /* Build configuration list for PBXNativeTarget "Audjustable" */;
			buildPhases = (
				A186B4DB157F80E600BD0084 /* Sources */,
				A186B4DC157F80E600BD0084 /* Frameworks */,
				A186B4DD157F80E600BD0084 /* Resources */,
			);
			buildRules = (
			);
			dependencies = (
			);
			name = Audjustable;
			productName = Audjustable;
			productReference = A186B4DF157F80E600BD0084 /* Audjustable.app */;
			productType = "com.apple.product-type.application";
		};
/* End PBXNativeTarget section */

/* Begin PBXProject section */
		A186B4D6157F80E600BD0084 /* Project object */ = {
			isa = PBXProject;
			attributes = {
				LastUpgradeCheck = 0500;
			};
			buildConfigurationList = A186B4D9157F80E600BD0084 /* Build configuration list for PBXProject "Audjustable" */;
			compatibilityVersion = "Xcode 3.2";
			developmentRegion = English;
			hasScannedForEncodings = 0;
			knownRegions = (
				en,
			);
			mainGroup = A186B4D4157F80E600BD0084;
			productRefGroup = A186B4E0157F80E600BD0084 /* Products */;
			projectDirPath = "";
			projectRoot = "";
			targets = (
				A186B4DE157F80E600BD0084 /* Audjustable */,
				8AC7AD4616E55CD70069BDE7 /* audjustable */,
			);
		};
/* End PBXProject section */

/* Begin PBXResourcesBuildPhase section */
		A186B4DD157F80E600BD0084 /* Resources */ = {
			isa = PBXResourcesBuildPhase;
			buildActionMask = 2147483647;
			files = (
				A186B4EE157F80E700BD0084 /* InfoPlist.strings in Resources */,
				A186B51D157F825400BD0084 /* sample.m4a in Resources */,
				A16CB9B3162EC5E900CFD1E8 /* Default-568h@2x.png in Resources */,
			);
			runOnlyForDeploymentPostprocessing = 0;
		};
/* End PBXResourcesBuildPhase section */

/* Begin PBXSourcesBuildPhase section */
		8AC7AD4316E55CD70069BDE7 /* Sources */ = {
			isa = PBXSourcesBuildPhase;
			buildActionMask = 2147483647;
			files = (
				8AC7AD5416E55D260069BDE7 /* AutoRecoveringHttpDataSource.m in Sources */,
				8AC7AD5616E55D260069BDE7 /* DataSourceWrapper.m in Sources */,
				8AC7AD5816E55D260069BDE7 /* AudioPlayer.m in Sources */,
				8AC7AD5A16E55D260069BDE7 /* CoreFoundationDataSource.m in Sources */,
				8AC7AD5C16E55D260069BDE7 /* DataSource.m in Sources */,
				8AC7AD5E16E55D260069BDE7 /* HttpDataSource.m in Sources */,
				8AC7AD6016E55D260069BDE7 /* LocalFileDataSource.m in Sources */,
			);
			runOnlyForDeploymentPostprocessing = 0;
		};
		A186B4DB157F80E600BD0084 /* Sources */ = {
			isa = PBXSourcesBuildPhase;
			buildActionMask = 2147483647;
			files = (
				A186B4F0157F80E700BD0084 /* main.m in Sources */,
				A186B4F4157F80E700BD0084 /* AppDelegate.m in Sources */,
				A186B50C157F813100BD0084 /* AudioPlayer.m in Sources */,
				A186B50D157F813100BD0084 /* CoreFoundationDataSource.m in Sources */,
				A186B50E157F813100BD0084 /* DataSource.m in Sources */,
				A186B50F157F813100BD0084 /* HttpDataSource.m in Sources */,
				A186B510157F813100BD0084 /* LocalFileDataSource.m in Sources */,
				A186B511157F813100BD0084 /* AudioPlayerView.m in Sources */,
				A16CB9AD162EC4AB00CFD1E8 /* AutoRecoveringHttpDataSource.m in Sources */,
				A16CB9AE162EC4AB00CFD1E8 /* DataSourceWrapper.m in Sources */,
			);
			runOnlyForDeploymentPostprocessing = 0;
		};
/* End PBXSourcesBuildPhase section */

/* Begin PBXVariantGroup section */
		A186B4EC157F80E700BD0084 /* InfoPlist.strings */ = {
			isa = PBXVariantGroup;
			children = (
				A186B4ED157F80E700BD0084 /* en */,
			);
			name = InfoPlist.strings;
			sourceTree = "<group>";
		};
/* End PBXVariantGroup section */

/* Begin XCBuildConfiguration section */
		8AC7AD5116E55CD70069BDE7 /* Debug */ = {
			isa = XCBuildConfiguration;
			buildSettings = {
				CLANG_CXX_LANGUAGE_STANDARD = "gnu++0x";
				CLANG_CXX_LIBRARY = "libc++";
				CLANG_WARN_CONSTANT_CONVERSION = YES;
				CLANG_WARN_EMPTY_BODY = YES;
				CLANG_WARN_ENUM_CONVERSION = YES;
				CLANG_WARN_INT_CONVERSION = YES;
				CLANG_WARN__DUPLICATE_METHOD_MATCH = YES;
				DSTROOT = /tmp/audjustable.dst;
				GCC_PRECOMPILE_PREFIX_HEADER = YES;
				GCC_PREFIX_HEADER = "audjustable/audjustable-Prefix.pch";
				IPHONEOS_DEPLOYMENT_TARGET = 4.3;
				ONLY_ACTIVE_ARCH = NO;
				OTHER_LDFLAGS = "-ObjC";
				PRODUCT_NAME = "$(TARGET_NAME)";
				SKIP_INSTALL = YES;
			};
			name = Debug;
		};
		8AC7AD5216E55CD70069BDE7 /* Release */ = {
			isa = XCBuildConfiguration;
			buildSettings = {
				CLANG_CXX_LANGUAGE_STANDARD = "gnu++0x";
				CLANG_CXX_LIBRARY = "libc++";
				CLANG_WARN_CONSTANT_CONVERSION = YES;
				CLANG_WARN_EMPTY_BODY = YES;
				CLANG_WARN_ENUM_CONVERSION = YES;
				CLANG_WARN_INT_CONVERSION = YES;
				CLANG_WARN__DUPLICATE_METHOD_MATCH = YES;
				DSTROOT = /tmp/audjustable.dst;
				GCC_PRECOMPILE_PREFIX_HEADER = YES;
				GCC_PREFIX_HEADER = "audjustable/audjustable-Prefix.pch";
				IPHONEOS_DEPLOYMENT_TARGET = 4.3;
				OTHER_LDFLAGS = "-ObjC";
				PRODUCT_NAME = "$(TARGET_NAME)";
				SKIP_INSTALL = YES;
			};
			name = Release;
		};
		A186B4F5157F80E700BD0084 /* Debug */ = {
			isa = XCBuildConfiguration;
			buildSettings = {
				ALWAYS_SEARCH_USER_PATHS = NO;
				CLANG_ENABLE_OBJC_ARC = YES;
				CLANG_WARN_BOOL_CONVERSION = YES;
				CLANG_WARN_CONSTANT_CONVERSION = YES;
				CLANG_WARN_EMPTY_BODY = YES;
				CLANG_WARN_ENUM_CONVERSION = YES;
				CLANG_WARN_INT_CONVERSION = YES;
				CLANG_WARN__DUPLICATE_METHOD_MATCH = YES;
				"CODE_SIGN_IDENTITY[sdk=iphoneos*]" = "iPhone Developer";
				COPY_PHASE_STRIP = NO;
				GCC_C_LANGUAGE_STANDARD = gnu99;
				GCC_DYNAMIC_NO_PIC = NO;
				GCC_OPTIMIZATION_LEVEL = 0;
				GCC_PREPROCESSOR_DEFINITIONS = (
					"DEBUG=1",
					"$(inherited)",
				);
				GCC_SYMBOLS_PRIVATE_EXTERN = NO;
				GCC_VERSION = com.apple.compilers.llvm.clang.1_0;
				GCC_WARN_64_TO_32_BIT_CONVERSION = YES;
				GCC_WARN_ABOUT_RETURN_TYPE = YES;
				GCC_WARN_UNDECLARED_SELECTOR = YES;
				GCC_WARN_UNINITIALIZED_AUTOS = YES;
				GCC_WARN_UNUSED_FUNCTION = YES;
				GCC_WARN_UNUSED_VARIABLE = YES;
				IPHONEOS_DEPLOYMENT_TARGET = 4.3;
				ONLY_ACTIVE_ARCH = YES;
				SDKROOT = iphoneos;
				TARGETED_DEVICE_FAMILY = "1,2";
			};
			name = Debug;
		};
		A186B4F6157F80E700BD0084 /* Release */ = {
			isa = XCBuildConfiguration;
			buildSettings = {
				ALWAYS_SEARCH_USER_PATHS = NO;
				CLANG_ENABLE_OBJC_ARC = YES;
				CLANG_WARN_BOOL_CONVERSION = YES;
				CLANG_WARN_CONSTANT_CONVERSION = YES;
				CLANG_WARN_EMPTY_BODY = YES;
				CLANG_WARN_ENUM_CONVERSION = YES;
				CLANG_WARN_INT_CONVERSION = YES;
				CLANG_WARN__DUPLICATE_METHOD_MATCH = YES;
				"CODE_SIGN_IDENTITY[sdk=iphoneos*]" = "iPhone Developer";
				COPY_PHASE_STRIP = YES;
				GCC_C_LANGUAGE_STANDARD = gnu99;
				GCC_VERSION = com.apple.compilers.llvm.clang.1_0;
				GCC_WARN_64_TO_32_BIT_CONVERSION = YES;
				GCC_WARN_ABOUT_RETURN_TYPE = YES;
				GCC_WARN_UNDECLARED_SELECTOR = YES;
				GCC_WARN_UNINITIALIZED_AUTOS = YES;
				GCC_WARN_UNUSED_FUNCTION = YES;
				GCC_WARN_UNUSED_VARIABLE = YES;
				IPHONEOS_DEPLOYMENT_TARGET = 4.3;
				OTHER_CFLAGS = "-DNS_BLOCK_ASSERTIONS=1";
				SDKROOT = iphoneos;
				TARGETED_DEVICE_FAMILY = "1,2";
				VALIDATE_PRODUCT = YES;
			};
			name = Release;
		};
		A186B4F8157F80E700BD0084 /* Debug */ = {
			isa = XCBuildConfiguration;
			buildSettings = {
				GCC_PRECOMPILE_PREFIX_HEADER = YES;
				GCC_PREFIX_HEADER = "Audjustable/Audjustable-Prefix.pch";
				INFOPLIST_FILE = "Audjustable/Audjustable-Info.plist";
				PRODUCT_NAME = "$(TARGET_NAME)";
				WRAPPER_EXTENSION = app;
			};
			name = Debug;
		};
		A186B4F9157F80E700BD0084 /* Release */ = {
			isa = XCBuildConfiguration;
			buildSettings = {
				GCC_PRECOMPILE_PREFIX_HEADER = YES;
				GCC_PREFIX_HEADER = "Audjustable/Audjustable-Prefix.pch";
				INFOPLIST_FILE = "Audjustable/Audjustable-Info.plist";
				PRODUCT_NAME = "$(TARGET_NAME)";
				WRAPPER_EXTENSION = app;
			};
			name = Release;
		};
/* End XCBuildConfiguration section */

/* Begin XCConfigurationList section */
		8AC7AD5016E55CD70069BDE7 /* Build configuration list for PBXNativeTarget "audjustable" */ = {
			isa = XCConfigurationList;
			buildConfigurations = (
				8AC7AD5116E55CD70069BDE7 /* Debug */,
				8AC7AD5216E55CD70069BDE7 /* Release */,
			);
			defaultConfigurationIsVisible = 0;
			defaultConfigurationName = Release;
		};
		A186B4D9157F80E600BD0084 /* Build configuration list for PBXProject "Audjustable" */ = {
			isa = XCConfigurationList;
			buildConfigurations = (
				A186B4F5157F80E700BD0084 /* Debug */,
				A186B4F6157F80E700BD0084 /* Release */,
			);
			defaultConfigurationIsVisible = 0;
			defaultConfigurationName = Release;
		};
		A186B4F7157F80E700BD0084 /* Build configuration list for PBXNativeTarget "Audjustable" */ = {
			isa = XCConfigurationList;
			buildConfigurations = (
				A186B4F8157F80E700BD0084 /* Debug */,
				A186B4F9157F80E700BD0084 /* Release */,
			);
			defaultConfigurationIsVisible = 0;
			defaultConfigurationName = Release;
		};
/* End XCConfigurationList section */
	};
	rootObject = A186B4D6157F80E600BD0084 /* Project object */;
}
